
Microsoft Visual Studio Solution File, Format Version 12.00
# Visual Studio Version 17
VisualStudioVersion = 17.5.002.0
MinimumVisualStudioVersion = 10.0.40219.1
Project("{9A19103F-16F7-4668-BE54-9A1E7A4F7556}") = "loop-iteration-practice-Lorilei-Forbear-Student", "loop-iteration-practice-Lorilei-Forbear-Student.csproj", "{7AAD74A9-29FE-48F5-B669-801BBF70A744}"
EndProject
Global
	GlobalSection(SolutionConfigurationPlatforms) = preSolution
		Debug|Any CPU = Debug|Any CPU
		Release|Any CPU = Release|Any CPU
	EndGlobalSection
	GlobalSection(ProjectConfigurationPlatforms) = postSolution
		{7AAD74A9-29FE-48F5-B669-801BBF70A744}.Debug|Any CPU.ActiveCfg = Debug|Any CPU
		{7AAD74A9-29FE-48F5-B669-801BBF70A744}.Debug|Any CPU.Build.0 = Debug|Any CPU
		{7AAD74A9-29FE-48F5-B669-801BBF70A744}.Release|Any CPU.ActiveCfg = Release|Any CPU
		{7AAD74A9-29FE-48F5-B669-801BBF70A744}.Release|Any CPU.Build.0 = Release|Any CPU
	EndGlobalSection
	GlobalSection(SolutionProperties) = preSolution
		HideSolutionNode = FALSE
	EndGlobalSection
	GlobalSection(ExtensibilityGlobals) = postSolution
		SolutionGuid = {2908F27D-1D7D-4AFF-A536-71EE2C0E7414}
	EndGlobalSection
EndGlobal
